
Microsoft Visual Studio Solution File, Format Version 12.00
# Visual Studio Version 16
VisualStudioVersion = 16.0.31424.327
MinimumVisualStudioVersion = 10.0.40219.1
Project("{9A19103F-16F7-4668-BE54-9A1E7A4F7556}") = "KittensApi", "KittensApi\KittensApi.csproj", "{63FC6DFE-C12A-4DB0-A484-32BA6C3BA9C9}"
EndProject
Project("{9A19103F-16F7-4668-BE54-9A1E7A4F7556}") = "DataBase", "DataBase\DataBase.csproj", "{417482B1-C7BB-4C3D-B35D-D407C005ABEC}"
EndProject
Project("{2150E333-8FDC-42A3-9474-1A3956D46DE8}") = "Stuff", "Stuff", "{3DB8B635-5CCD-4088-8370-59BFC03F4BEA}"
EndProject
Project("{9A19103F-16F7-4668-BE54-9A1E7A4F7556}") = "MigrationsLauncher", "MigrationsLauncher\MigrationsLauncher.csproj", "{BA869980-1EBA-44FD-B61D-9EAB8CAE804C}"
EndProject
Project("{E53339B2-1760-4266-BCC7-CA923CBCF16C}") = "docker-compose", "docker-compose.dcproj", "{4C10B055-8166-4F1B-BC3E-DA2045CE3B97}"
EndProject
Project("{9A19103F-16F7-4668-BE54-9A1E7A4F7556}") = "DataLayer.Abstractions", "DataLayer.Abstractions\DataLayer.Abstractions.csproj", "{D165B316-B4D3-4019-9C68-EB905A325388}"
EndProject
Project("{9A19103F-16F7-4668-BE54-9A1E7A4F7556}") = "BusinessLayer", "BusinessLayer\BusinessLayer.csproj", "{8DBE0CA5-11A7-4102-AEBD-83CDD9B6B0C1}"
EndProject
Project("{9A19103F-16F7-4668-BE54-9A1E7A4F7556}") = "BusinessLayer.Abstractions", "BusinessLayer.Abstractions\BusinessLayer.Abstractions.csproj", "{1EF6A533-E18A-4572-B67B-A848527500DE}"
EndProject
Project("{9A19103F-16F7-4668-BE54-9A1E7A4F7556}") = "DataLayer", "DataLayer\DataLayer.csproj", "{28610157-0C88-4B08-802B-C6485B61FB34}"
EndProject
Project("{9A19103F-16F7-4668-BE54-9A1E7A4F7556}") = "DataBase.Abstractions", "DataBase.Abstractions\DataBase.Abstractions.csproj", "{27F8BF75-36BB-4197-98C6-88E5B6B37A9B}"
EndProject
Project("{2150E333-8FDC-42A3-9474-1A3956D46DE8}") = "Implementations", "Implementations", "{4EE60BA6-47DE-4E1B-A6F7-D8AEFB5B7576}"
EndProject
Project("{2150E333-8FDC-42A3-9474-1A3956D46DE8}") = "Abstractions", "Abstractions", "{4708932E-A544-4FB0-99BD-7021A8BE2E04}"
EndProject
Project("{2150E333-8FDC-42A3-9474-1A3956D46DE8}") = "AuthorizationStuff", "AuthorizationStuff", "{2F7382DC-BD8E-4730-AD15-81F43529AD9A}"
EndProject
Project("{9A19103F-16F7-4668-BE54-9A1E7A4F7556}") = "Authorization.DataBase", "Authorization\Authorization.DataBase\Authorization.DataBase.csproj", "{F29EA5F6-1EF0-4747-ACDC-31EA04A04C91}"
EndProject
Project("{2150E333-8FDC-42A3-9474-1A3956D46DE8}") = "Stuff", "Stuff", "{44EFB044-5089-4551-884F-91BA786B7536}"
EndProject
Project("{2150E333-8FDC-42A3-9474-1A3956D46DE8}") = "Abstractions", "Abstractions", "{EDEEA8B4-4EA6-4806-9B3A-63F706440673}"
EndProject
Project("{2150E333-8FDC-42A3-9474-1A3956D46DE8}") = "Implementations", "Implementations", "{72FF4967-4502-409E-ADCE-77511466A084}"
EndProject
Project("{9A19103F-16F7-4668-BE54-9A1E7A4F7556}") = "Authorization.DataBase.Abstractions", "Authorization\Authorization.DataBase.Abstractions\Authorization.DataBase.Abstractions.csproj", "{851AB4B2-3D73-47A9-AB94-037DBC7B4218}"
EndProject
Project("{9A19103F-16F7-4668-BE54-9A1E7A4F7556}") = "AuthorizationApi", "Authorization\AuthorizationApi\AuthorizationApi.csproj", "{CE738DEC-2F91-40FD-9943-53E39BF6E299}"
EndProject
Project("{9A19103F-16F7-4668-BE54-9A1E7A4F7556}") = "Authorization.BusinessLayer.Abstractions", "Authorization\Authorization.BusinessLayer.Abstractions\Authorization.BusinessLayer.Abstractions.csproj", "{AF78910A-6DF4-40DE-9406-A4CCDB5D2226}"
EndProject
Project("{9A19103F-16F7-4668-BE54-9A1E7A4F7556}") = "Authorization.BusinessLayer", "Authorization\Authorization.BusinessLayer\Authorization.BusinessLayer.csproj", "{4ACA6BE5-DA85-4477-9323-95BE1D694F4C}"
EndProject
Project("{9A19103F-16F7-4668-BE54-9A1E7A4F7556}") = "Authorization.DataLayer.Abstractions", "Authorization\Authorization.DataLayer.Abstractions\Authorization.DataLayer.Abstractions.csproj", "{12B77065-0FC1-4CE6-92F0-12BBFE8216E2}"
EndProject
Project("{9A19103F-16F7-4668-BE54-9A1E7A4F7556}") = "Authorization.DataLayer", "Authorization\Authorization.DataLayer\Authorization.DataLayer.csproj", "{8603BF3B-5ABD-42E7-BD6D-85D797C2037A}"
EndProject
Project("{9A19103F-16F7-4668-BE54-9A1E7A4F7556}") = "Authorization.MigrationsLauncher", "Authorization\Authorization.MigrationsLauncher\Authorization.MigrationsLauncher.csproj", "{0170159E-8922-4236-9BBE-327FFCBF7E7F}"
EndProject
Project("{2150E333-8FDC-42A3-9474-1A3956D46DE8}") = "Solution Items", "Solution Items", "{8FC1C3A1-0135-419E-B192-4CFCF6C2DCE1}"
	ProjectSection(SolutionItems) = preProject
		ValidationsCodes.txt = ValidationsCodes.txt
	EndProjectSection
EndProject
Project("{2150E333-8FDC-42A3-9474-1A3956D46DE8}") = "Tests", "Tests", "{E8F65E21-5BDD-4A04-908F-0ABEE4B8BE21}"
EndProject
Project("{9A19103F-16F7-4668-BE54-9A1E7A4F7556}") = "KittensApiTests", "Tests\KittensApiTests\KittensApiTests.csproj", "{8B655F19-54A4-4CBB-B409-6084E7EB05DB}"
EndProject
Project("{FAE04EC0-301F-11D3-BF4B-00C04F79EFBC}") = "DataLayerAbstractionsTests", "Tests\DataLayerAbstractionsTests\DataLayerAbstractionsTests.csproj", "{44C75C66-42D3-4F54-9EBE-1567226FCA6B}"
EndProject
Global
	GlobalSection(SolutionConfigurationPlatforms) = preSolution
		Debug|Any CPU = Debug|Any CPU
		Release|Any CPU = Release|Any CPU
	EndGlobalSection
	GlobalSection(ProjectConfigurationPlatforms) = postSolution
		{63FC6DFE-C12A-4DB0-A484-32BA6C3BA9C9}.Debug|Any CPU.ActiveCfg = Debug|Any CPU
		{63FC6DFE-C12A-4DB0-A484-32BA6C3BA9C9}.Debug|Any CPU.Build.0 = Debug|Any CPU
		{63FC6DFE-C12A-4DB0-A484-32BA6C3BA9C9}.Release|Any CPU.ActiveCfg = Release|Any CPU
		{63FC6DFE-C12A-4DB0-A484-32BA6C3BA9C9}.Release|Any CPU.Build.0 = Release|Any CPU
		{417482B1-C7BB-4C3D-B35D-D407C005ABEC}.Debug|Any CPU.ActiveCfg = Debug|Any CPU
		{417482B1-C7BB-4C3D-B35D-D407C005ABEC}.Debug|Any CPU.Build.0 = Debug|Any CPU
		{417482B1-C7BB-4C3D-B35D-D407C005ABEC}.Release|Any CPU.ActiveCfg = Release|Any CPU
		{417482B1-C7BB-4C3D-B35D-D407C005ABEC}.Release|Any CPU.Build.0 = Release|Any CPU
		{BA869980-1EBA-44FD-B61D-9EAB8CAE804C}.Debug|Any CPU.ActiveCfg = Debug|Any CPU
		{BA869980-1EBA-44FD-B61D-9EAB8CAE804C}.Debug|Any CPU.Build.0 = Debug|Any CPU
		{BA869980-1EBA-44FD-B61D-9EAB8CAE804C}.Release|Any CPU.ActiveCfg = Release|Any CPU
		{BA869980-1EBA-44FD-B61D-9EAB8CAE804C}.Release|Any CPU.Build.0 = Release|Any CPU
		{4C10B055-8166-4F1B-BC3E-DA2045CE3B97}.Debug|Any CPU.ActiveCfg = Debug|Any CPU
		{4C10B055-8166-4F1B-BC3E-DA2045CE3B97}.Debug|Any CPU.Build.0 = Debug|Any CPU
		{4C10B055-8166-4F1B-BC3E-DA2045CE3B97}.Release|Any CPU.ActiveCfg = Release|Any CPU
		{4C10B055-8166-4F1B-BC3E-DA2045CE3B97}.Release|Any CPU.Build.0 = Release|Any CPU
		{D165B316-B4D3-4019-9C68-EB905A325388}.Debug|Any CPU.ActiveCfg = Debug|Any CPU
		{D165B316-B4D3-4019-9C68-EB905A325388}.Debug|Any CPU.Build.0 = Debug|Any CPU
		{D165B316-B4D3-4019-9C68-EB905A325388}.Release|Any CPU.ActiveCfg = Release|Any CPU
		{D165B316-B4D3-4019-9C68-EB905A325388}.Release|Any CPU.Build.0 = Release|Any CPU
		{8DBE0CA5-11A7-4102-AEBD-83CDD9B6B0C1}.Debug|Any CPU.ActiveCfg = Debug|Any CPU
		{8DBE0CA5-11A7-4102-AEBD-83CDD9B6B0C1}.Debug|Any CPU.Build.0 = Debug|Any CPU
		{8DBE0CA5-11A7-4102-AEBD-83CDD9B6B0C1}.Release|Any CPU.ActiveCfg = Release|Any CPU
		{8DBE0CA5-11A7-4102-AEBD-83CDD9B6B0C1}.Release|Any CPU.Build.0 = Release|Any CPU
		{1EF6A533-E18A-4572-B67B-A848527500DE}.Debug|Any CPU.ActiveCfg = Debug|Any CPU
		{1EF6A533-E18A-4572-B67B-A848527500DE}.Debug|Any CPU.Build.0 = Debug|Any CPU
		{1EF6A533-E18A-4572-B67B-A848527500DE}.Release|Any CPU.ActiveCfg = Release|Any CPU
		{1EF6A533-E18A-4572-B67B-A848527500DE}.Release|Any CPU.Build.0 = Release|Any CPU
		{28610157-0C88-4B08-802B-C6485B61FB34}.Debug|Any CPU.ActiveCfg = Debug|Any CPU
		{28610157-0C88-4B08-802B-C6485B61FB34}.Debug|Any CPU.Build.0 = Debug|Any CPU
		{28610157-0C88-4B08-802B-C6485B61FB34}.Release|Any CPU.ActiveCfg = Release|Any CPU
		{28610157-0C88-4B08-802B-C6485B61FB34}.Release|Any CPU.Build.0 = Release|Any CPU
		{27F8BF75-36BB-4197-98C6-88E5B6B37A9B}.Debug|Any CPU.ActiveCfg = Debug|Any CPU
		{27F8BF75-36BB-4197-98C6-88E5B6B37A9B}.Debug|Any CPU.Build.0 = Debug|Any CPU
		{27F8BF75-36BB-4197-98C6-88E5B6B37A9B}.Release|Any CPU.ActiveCfg = Release|Any CPU
		{27F8BF75-36BB-4197-98C6-88E5B6B37A9B}.Release|Any CPU.Build.0 = Release|Any CPU
		{F29EA5F6-1EF0-4747-ACDC-31EA04A04C91}.Debug|Any CPU.ActiveCfg = Debug|Any CPU
		{F29EA5F6-1EF0-4747-ACDC-31EA04A04C91}.Debug|Any CPU.Build.0 = Debug|Any CPU
		{F29EA5F6-1EF0-4747-ACDC-31EA04A04C91}.Release|Any CPU.ActiveCfg = Release|Any CPU
		{F29EA5F6-1EF0-4747-ACDC-31EA04A04C91}.Release|Any CPU.Build.0 = Release|Any CPU
		{851AB4B2-3D73-47A9-AB94-037DBC7B4218}.Debug|Any CPU.ActiveCfg = Debug|Any CPU
		{851AB4B2-3D73-47A9-AB94-037DBC7B4218}.Debug|Any CPU.Build.0 = Debug|Any CPU
		{851AB4B2-3D73-47A9-AB94-037DBC7B4218}.Release|Any CPU.ActiveCfg = Release|Any CPU
		{851AB4B2-3D73-47A9-AB94-037DBC7B4218}.Release|Any CPU.Build.0 = Release|Any CPU
		{CE738DEC-2F91-40FD-9943-53E39BF6E299}.Debug|Any CPU.ActiveCfg = Debug|Any CPU
		{CE738DEC-2F91-40FD-9943-53E39BF6E299}.Debug|Any CPU.Build.0 = Debug|Any CPU
		{CE738DEC-2F91-40FD-9943-53E39BF6E299}.Release|Any CPU.ActiveCfg = Release|Any CPU
		{CE738DEC-2F91-40FD-9943-53E39BF6E299}.Release|Any CPU.Build.0 = Release|Any CPU
		{AF78910A-6DF4-40DE-9406-A4CCDB5D2226}.Debug|Any CPU.ActiveCfg = Debug|Any CPU
		{AF78910A-6DF4-40DE-9406-A4CCDB5D2226}.Debug|Any CPU.Build.0 = Debug|Any CPU
		{AF78910A-6DF4-40DE-9406-A4CCDB5D2226}.Release|Any CPU.ActiveCfg = Release|Any CPU
		{AF78910A-6DF4-40DE-9406-A4CCDB5D2226}.Release|Any CPU.Build.0 = Release|Any CPU
		{4ACA6BE5-DA85-4477-9323-95BE1D694F4C}.Debug|Any CPU.ActiveCfg = Debug|Any CPU
		{4ACA6BE5-DA85-4477-9323-95BE1D694F4C}.Debug|Any CPU.Build.0 = Debug|Any CPU
		{4ACA6BE5-DA85-4477-9323-95BE1D694F4C}.Release|Any CPU.ActiveCfg = Release|Any CPU
		{4ACA6BE5-DA85-4477-9323-95BE1D694F4C}.Release|Any CPU.Build.0 = Release|Any CPU
		{12B77065-0FC1-4CE6-92F0-12BBFE8216E2}.Debug|Any CPU.ActiveCfg = Debug|Any CPU
		{12B77065-0FC1-4CE6-92F0-12BBFE8216E2}.Debug|Any CPU.Build.0 = Debug|Any CPU
		{12B77065-0FC1-4CE6-92F0-12BBFE8216E2}.Release|Any CPU.ActiveCfg = Release|Any CPU
		{12B77065-0FC1-4CE6-92F0-12BBFE8216E2}.Release|Any CPU.Build.0 = Release|Any CPU
		{8603BF3B-5ABD-42E7-BD6D-85D797C2037A}.Debug|Any CPU.ActiveCfg = Debug|Any CPU
		{8603BF3B-5ABD-42E7-BD6D-85D797C2037A}.Debug|Any CPU.Build.0 = Debug|Any CPU
		{8603BF3B-5ABD-42E7-BD6D-85D797C2037A}.Release|Any CPU.ActiveCfg = Release|Any CPU
		{8603BF3B-5ABD-42E7-BD6D-85D797C2037A}.Release|Any CPU.Build.0 = Release|Any CPU
		{0170159E-8922-4236-9BBE-327FFCBF7E7F}.Debug|Any CPU.ActiveCfg = Debug|Any CPU
		{0170159E-8922-4236-9BBE-327FFCBF7E7F}.Debug|Any CPU.Build.0 = Debug|Any CPU
		{0170159E-8922-4236-9BBE-327FFCBF7E7F}.Release|Any CPU.ActiveCfg = Release|Any CPU
		{0170159E-8922-4236-9BBE-327FFCBF7E7F}.Release|Any CPU.Build.0 = Release|Any CPU
		{8B655F19-54A4-4CBB-B409-6084E7EB05DB}.Debug|Any CPU.ActiveCfg = Debug|Any CPU
		{8B655F19-54A4-4CBB-B409-6084E7EB05DB}.Debug|Any CPU.Build.0 = Debug|Any CPU
		{8B655F19-54A4-4CBB-B409-6084E7EB05DB}.Release|Any CPU.ActiveCfg = Release|Any CPU
		{8B655F19-54A4-4CBB-B409-6084E7EB05DB}.Release|Any CPU.Build.0 = Release|Any CPU
		{44C75C66-42D3-4F54-9EBE-1567226FCA6B}.Debug|Any CPU.ActiveCfg = Debug|Any CPU
		{44C75C66-42D3-4F54-9EBE-1567226FCA6B}.Debug|Any CPU.Build.0 = Debug|Any CPU
		{44C75C66-42D3-4F54-9EBE-1567226FCA6B}.Release|Any CPU.ActiveCfg = Release|Any CPU
		{44C75C66-42D3-4F54-9EBE-1567226FCA6B}.Release|Any CPU.Build.0 = Release|Any CPU
	EndGlobalSection
	GlobalSection(SolutionProperties) = preSolution
		HideSolutionNode = FALSE
	EndGlobalSection
	GlobalSection(NestedProjects) = preSolution
		{417482B1-C7BB-4C3D-B35D-D407C005ABEC} = {4EE60BA6-47DE-4E1B-A6F7-D8AEFB5B7576}
		{BA869980-1EBA-44FD-B61D-9EAB8CAE804C} = {3DB8B635-5CCD-4088-8370-59BFC03F4BEA}
		{D165B316-B4D3-4019-9C68-EB905A325388} = {4708932E-A544-4FB0-99BD-7021A8BE2E04}
		{8DBE0CA5-11A7-4102-AEBD-83CDD9B6B0C1} = {4EE60BA6-47DE-4E1B-A6F7-D8AEFB5B7576}
		{1EF6A533-E18A-4572-B67B-A848527500DE} = {4708932E-A544-4FB0-99BD-7021A8BE2E04}
		{28610157-0C88-4B08-802B-C6485B61FB34} = {4EE60BA6-47DE-4E1B-A6F7-D8AEFB5B7576}
		{27F8BF75-36BB-4197-98C6-88E5B6B37A9B} = {4708932E-A544-4FB0-99BD-7021A8BE2E04}
		{4EE60BA6-47DE-4E1B-A6F7-D8AEFB5B7576} = {3DB8B635-5CCD-4088-8370-59BFC03F4BEA}
		{4708932E-A544-4FB0-99BD-7021A8BE2E04} = {3DB8B635-5CCD-4088-8370-59BFC03F4BEA}
		{F29EA5F6-1EF0-4747-ACDC-31EA04A04C91} = {72FF4967-4502-409E-ADCE-77511466A084}
		{44EFB044-5089-4551-884F-91BA786B7536} = {2F7382DC-BD8E-4730-AD15-81F43529AD9A}
		{EDEEA8B4-4EA6-4806-9B3A-63F706440673} = {44EFB044-5089-4551-884F-91BA786B7536}
		{72FF4967-4502-409E-ADCE-77511466A084} = {44EFB044-5089-4551-884F-91BA786B7536}
		{851AB4B2-3D73-47A9-AB94-037DBC7B4218} = {EDEEA8B4-4EA6-4806-9B3A-63F706440673}
		{CE738DEC-2F91-40FD-9943-53E39BF6E299} = {2F7382DC-BD8E-4730-AD15-81F43529AD9A}
		{AF78910A-6DF4-40DE-9406-A4CCDB5D2226} = {EDEEA8B4-4EA6-4806-9B3A-63F706440673}
		{4ACA6BE5-DA85-4477-9323-95BE1D694F4C} = {72FF4967-4502-409E-ADCE-77511466A084}
		{12B77065-0FC1-4CE6-92F0-12BBFE8216E2} = {EDEEA8B4-4EA6-4806-9B3A-63F706440673}
		{8603BF3B-5ABD-42E7-BD6D-85D797C2037A} = {72FF4967-4502-409E-ADCE-77511466A084}
		{0170159E-8922-4236-9BBE-327FFCBF7E7F} = {44EFB044-5089-4551-884F-91BA786B7536}
		{8B655F19-54A4-4CBB-B409-6084E7EB05DB} = {E8F65E21-5BDD-4A04-908F-0ABEE4B8BE21}
		{44C75C66-42D3-4F54-9EBE-1567226FCA6B} = {E8F65E21-5BDD-4A04-908F-0ABEE4B8BE21}
	EndGlobalSection
	GlobalSection(ExtensibilityGlobals) = postSolution
		SolutionGuid = {27484E94-D878-4496-A8A0-51D732F8F088}
	EndGlobalSection
EndGlobal
